{
  "name": "whistle.savefor-mock",
  "version": "1.0.0",
  "lockfileVersion": 1,
  "requires": true,
  "dependencies": {
    "accepts": {
      "version": "1.3.7",
      "resolved": "https://artifactory.gz.cvte.cn/artifactory/api/npm/cvte-npm-registry/accepts/accepts-1.3.7.tgz",
      "integrity": "sha1-UxvHJlF6OytB+FACHGzBXqq1B80=",
      "requires": {
        "mime-types": "~2.1.24",
        "negotiator": "0.6.2"
      }
    },
    "any-promise": {
      "version": "1.3.0",
      "resolved": "https://artifactory.gz.cvte.cn/artifactory/api/npm/cvte-npm-registry/any-promise/any-promise-1.3.0.tgz",
      "integrity": "sha1-q8av7tzqUugJzcA3au0845Y10X8="
    },
    "arch": {
      "version": "2.2.0",
      "resolved": "https://artifactory.gz.cvte.cn/artifactory/api/npm/cvte-npm-registry/arch/-/arch-2.2.0.tgz",
      "integrity": "sha1-G8R4GPMFdk8jqzMGsL/AhsWinRE="
    },
    "bytes": {
      "version": "3.1.0",
      "resolved": "https://artifactory.gz.cvte.cn/artifactory/api/npm/cvte-npm-registry/bytes/bytes-3.1.0.tgz",
      "integrity": "sha1-9s95M6Ng4FiPqf3oVlHNx/gF0fY="
    },
    "cache-content-type": {
      "version": "1.0.1",
      "resolved": "https://artifactory.gz.cvte.cn/artifactory/api/npm/cvte-npm-registry/cache-content-type/cache-content-type-1.0.1.tgz",
      "integrity": "sha1-A1zeKwjuISn0qDFeqPAKANuhRTw=",
      "requires": {
        "mime-types": "^2.1.18",
        "ylru": "^1.2.0"
      }
    },
    "call-bind": {
      "version": "1.0.2",
      "resolved": "https://artifactory.gz.cvte.cn/artifactory/api/npm/cvte-npm-registry/call-bind/-/call-bind-1.0.2.tgz",
      "integrity": "sha1-sdTonmiBGcPJqQOtMKuy9qkZvjw=",
      "requires": {
        "function-bind": "^1.1.1",
        "get-intrinsic": "^1.0.2"
      }
    },
    "char-to-string": {
      "version": "1.0.0",
      "resolved": "https://artifactory.gz.cvte.cn/artifactory/api/npm/cvte-npm-registry/char-to-string/-/char-to-string-1.0.0.tgz",
      "integrity": "sha1-Ph0RwzoASTDoVSlmwGZ0GsZ+Lx4="
    },
    "clipboardy": {
      "version": "2.3.0",
      "resolved": "https://artifactory.gz.cvte.cn/artifactory/api/npm/cvte-npm-registry/clipboardy/-/clipboardy-2.3.0.tgz",
      "integrity": "sha1-PCkDZQxo5GqRs4iYW8J3QofbopA=",
      "requires": {
        "arch": "^2.1.1",
        "execa": "^1.0.0",
        "is-wsl": "^2.1.1"
      }
    },
    "co": {
      "version": "4.6.0",
      "resolved": "https://artifactory.gz.cvte.cn/artifactory/api/npm/cvte-npm-registry/co/co-4.6.0.tgz",
      "integrity": "sha1-bqa989hTrlTMuOR7+gvz+QMfsYQ="
    },
    "co-body": {
      "version": "6.1.0",
      "resolved": "https://artifactory.gz.cvte.cn/artifactory/api/npm/cvte-npm-registry/co-body/-/co-body-6.1.0.tgz",
      "integrity": "sha1-2HqO/DVk+b/jrO2O9c0Ex6h2ZUc=",
      "requires": {
        "inflation": "^2.0.0",
        "qs": "^6.5.2",
        "raw-body": "^2.3.3",
        "type-is": "^1.6.16"
      }
    },
    "content-disposition": {
      "version": "0.5.3",
      "resolved": "https://artifactory.gz.cvte.cn/artifactory/api/npm/cvte-npm-registry/content-disposition/content-disposition-0.5.3.tgz",
      "integrity": "sha1-4TDK9+cnkIfFYWwgB9BIVpiYT70=",
      "requires": {
        "safe-buffer": "5.1.2"
      }
    },
    "content-type": {
      "version": "1.0.4",
      "resolved": "https://artifactory.gz.cvte.cn/artifactory/api/npm/cvte-npm-registry/content-type/content-type-1.0.4.tgz",
      "integrity": "sha1-4TjMdeBAxyexlm/l5fjJruJW/js="
    },
    "cookies": {
      "version": "0.8.0",
      "resolved": "https://artifactory.gz.cvte.cn/artifactory/api/npm/cvte-npm-registry/cookies/cookies-0.8.0.tgz",
      "integrity": "sha1-EpPOSzkXQKhAbjyYcOgoxLVPP5A=",
      "requires": {
        "depd": "~2.0.0",
        "keygrip": "~1.1.0"
      }
    },
    "copy-to": {
      "version": "2.0.1",
      "resolved": "https://artifactory.gz.cvte.cn/artifactory/api/npm/cvte-npm-registry/copy-to/copy-to-2.0.1.tgz",
      "integrity": "sha1-JoD7uAaKSNCGVrYJgJK9r8kG9KU="
    },
    "cross-spawn": {
      "version": "6.0.5",
      "resolved": "https://artifactory.gz.cvte.cn/artifactory/api/npm/cvte-npm-registry/cross-spawn/cross-spawn-6.0.5.tgz",
      "integrity": "sha1-Sl7Hxk364iw6FBJNus3uhG2Ay8Q=",
      "requires": {
        "nice-try": "^1.0.4",
        "path-key": "^2.0.1",
        "semver": "^5.5.0",
        "shebang-command": "^1.2.0",
        "which": "^1.2.9"
      }
    },
    "debug": {
      "version": "3.1.0",
      "resolved": "https://artifactory.gz.cvte.cn/artifactory/api/npm/cvte-npm-registry/debug/debug-3.1.0.tgz",
      "integrity": "sha1-W7WgZyYotkFJVmuhaBnmFRjGcmE=",
      "requires": {
        "ms": "2.0.0"
      }
    },
    "deep-equal": {
      "version": "1.0.1",
      "resolved": "https://artifactory.gz.cvte.cn/artifactory/api/npm/cvte-npm-registry/deep-equal/deep-equal-1.0.1.tgz",
      "integrity": "sha1-9dJgKStmDghO/0zbyfCK0yR0SLU="
    },
    "delegates": {
      "version": "1.0.0",
      "resolved": "https://artifactory.gz.cvte.cn/artifactory/api/npm/cvte-npm-registry/delegates/delegates-1.0.0.tgz",
      "integrity": "sha1-hMbhWbgZBP3KWaDvRM2HDTElD5o="
    },
    "depd": {
      "version": "2.0.0",
      "resolved": "https://artifactory.gz.cvte.cn/artifactory/api/npm/cvte-npm-registry/depd/depd-2.0.0.tgz",
      "integrity": "sha1-tpYWPMdXVg0JzyLMj60Vcbeedt8="
    },
    "destroy": {
      "version": "1.0.4",
      "resolved": "https://artifactory.gz.cvte.cn/artifactory/api/npm/cvte-npm-registry/destroy/destroy-1.0.4.tgz",
      "integrity": "sha1-l4hXRCxEdJ5CBmE+N5RiBYJqvYA="
    },
    "detect-newline": {
      "version": "3.1.0",
      "resolved": "https://artifactory.gz.cvte.cn/artifactory/api/npm/cvte-npm-registry/detect-newline/-/detect-newline-3.1.0.tgz",
      "integrity": "sha1-V29d/GOuGhkv8ZLYrTr2MImRtlE="
    },
    "ee-first": {
      "version": "1.1.1",
      "resolved": "https://artifactory.gz.cvte.cn/artifactory/api/npm/cvte-npm-registry/ee-first/ee-first-1.1.1.tgz",
      "integrity": "sha1-WQxhFWsK4vTwJVcyoViyZrxWsh0="
    },
    "encodeurl": {
      "version": "1.0.2",
      "resolved": "https://artifactory.gz.cvte.cn/artifactory/api/npm/cvte-npm-registry/encodeurl/encodeurl-1.0.2.tgz",
      "integrity": "sha1-rT/0yG7C0CkyL1oCw6mmBslbP1k="
    },
    "end-of-stream": {
      "version": "1.4.4",
      "resolved": "https://artifactory.gz.cvte.cn/artifactory/api/npm/cvte-npm-registry/end-of-stream/end-of-stream-1.4.4.tgz",
      "integrity": "sha1-WuZKX0UFe682JuwU2gyl5LJDHrA=",
      "requires": {
        "once": "^1.4.0"
      }
    },
    "ends-with-string": {
      "version": "1.0.1",
      "resolved": "https://artifactory.gz.cvte.cn/artifactory/api/npm/cvte-npm-registry/ends-with-string/-/ends-with-string-1.0.1.tgz",
      "integrity": "sha1-znaZkwfr75LQOeLLiVwi8Gd1QOw=",
      "requires": {
        "char-to-string": "^1.0.0"
      }
    },
    "escape-html": {
      "version": "1.0.3",
      "resolved": "https://artifactory.gz.cvte.cn/artifactory/api/npm/cvte-npm-registry/escape-html/escape-html-1.0.3.tgz",
      "integrity": "sha1-Aljq5NPQwJdN4cFpGI7wBR0dGYg="
    },
    "execa": {
      "version": "1.0.0",
      "resolved": "https://artifactory.gz.cvte.cn/artifactory/api/npm/cvte-npm-registry/execa/-/execa-1.0.0.tgz",
      "integrity": "sha1-xiNqW7TfbW8V6I5/AXeYIWdJ3dg=",
      "requires": {
        "cross-spawn": "^6.0.0",
        "get-stream": "^4.0.0",
        "is-stream": "^1.1.0",
        "npm-run-path": "^2.0.0",
        "p-finally": "^1.0.0",
        "signal-exit": "^3.0.0",
        "strip-eof": "^1.0.0"
      }
    },
    "file-exists-safe": {
      "version": "1.1.0",
      "resolved": "https://artifactory.gz.cvte.cn/artifactory/api/npm/cvte-npm-registry/file-exists-safe/-/file-exists-safe-1.1.0.tgz",
      "integrity": "sha1-23PodYU9R6Nx8fPL7J5rMh6Qlt8="
    },
    "fresh": {
      "version": "0.5.2",
      "resolved": "https://artifactory.gz.cvte.cn/artifactory/api/npm/cvte-npm-registry/fresh/fresh-0.5.2.tgz",
      "integrity": "sha1-PYyt2Q2XZWn6g1qx+OSyOhBWBac="
    },
    "function-bind": {
      "version": "1.1.1",
      "resolved": "https://artifactory.gz.cvte.cn/artifactory/api/npm/cvte-npm-registry/function-bind/function-bind-1.1.1.tgz",
      "integrity": "sha1-pWiZ0+o8m6uHS7l3O3xe3pL0iV0="
    },
    "get-intrinsic": {
      "version": "1.1.1",
      "resolved": "https://artifactory.gz.cvte.cn/artifactory/api/npm/cvte-npm-registry/get-intrinsic/-/get-intrinsic-1.1.1.tgz",
      "integrity": "sha1-FfWfN2+FXERpY5SPDSTNNje0q8Y=",
      "requires": {
        "function-bind": "^1.1.1",
        "has": "^1.0.3",
        "has-symbols": "^1.0.1"
      }
    },
    "get-stream": {
      "version": "4.1.0",
      "resolved": "https://artifactory.gz.cvte.cn/artifactory/api/npm/cvte-npm-registry/get-stream/-/get-stream-4.1.0.tgz",
      "integrity": "sha1-wbJVV189wh1Zv8ec09K0axw6VLU=",
      "requires": {
        "pump": "^3.0.0"
      }
    },
    "has": {
      "version": "1.0.3",
      "resolved": "https://artifactory.gz.cvte.cn/artifactory/api/npm/cvte-npm-registry/has/has-1.0.3.tgz",
      "integrity": "sha1-ci18v8H2qoJB8W3YFOAR4fQeh5Y=",
      "requires": {
        "function-bind": "^1.1.1"
      }
    },
    "has-symbols": {
      "version": "1.0.2",
      "resolved": "https://artifactory.gz.cvte.cn/artifactory/api/npm/cvte-npm-registry/has-symbols/-/has-symbols-1.0.2.tgz",
      "integrity": "sha1-Fl0wcMADCXUqEjakeTMeOsVvFCM="
    },
    "http-assert": {
      "version": "1.4.1",
      "resolved": "https://artifactory.gz.cvte.cn/artifactory/api/npm/cvte-npm-registry/http-assert/-/http-assert-1.4.1.tgz",
      "integrity": "sha1-xfcl1neqfoc+9zYZm4lobM6zeHg=",
      "requires": {
        "deep-equal": "~1.0.1",
        "http-errors": "~1.7.2"
      },
      "dependencies": {
        "depd": {
          "version": "1.1.2",
          "resolved": "https://artifactory.gz.cvte.cn/artifactory/api/npm/cvte-npm-registry/depd/depd-1.1.2.tgz",
          "integrity": "sha1-m81S4UwJd2PnSbJ0xDRu0uVgtak="
        },
        "http-errors": {
          "version": "1.7.3",
          "resolved": "https://artifactory.gz.cvte.cn/artifactory/api/npm/cvte-npm-registry/http-errors/http-errors-1.7.3.tgz",
          "integrity": "sha1-bGGeT5xgMIw4UZSYwU+7EKrOuwY=",
          "requires": {
            "depd": "~1.1.2",
            "inherits": "2.0.4",
            "setprototypeof": "1.1.1",
            "statuses": ">= 1.5.0 < 2",
            "toidentifier": "1.0.0"
          }
        }
      }
    },
    "http-errors": {
      "version": "1.8.0",
      "resolved": "https://artifactory.gz.cvte.cn/artifactory/api/npm/cvte-npm-registry/http-errors/-/http-errors-1.8.0.tgz",
      "integrity": "sha1-ddG75JfhBE9R5O6ecEpi8o0zZQc=",
      "requires": {
        "depd": "~1.1.2",
        "inherits": "2.0.4",
        "setprototypeof": "1.2.0",
        "statuses": ">= 1.5.0 < 2",
        "toidentifier": "1.0.0"
      },
      "dependencies": {
        "depd": {
          "version": "1.1.2",
          "resolved": "https://artifactory.gz.cvte.cn/artifactory/api/npm/cvte-npm-registry/depd/depd-1.1.2.tgz",
          "integrity": "sha1-m81S4UwJd2PnSbJ0xDRu0uVgtak="
        },
        "setprototypeof": {
          "version": "1.2.0",
          "resolved": "https://artifactory.gz.cvte.cn/artifactory/api/npm/cvte-npm-registry/setprototypeof/setprototypeof-1.2.0.tgz",
          "integrity": "sha1-ZsmiSnP5/CjL5msJ/tPTPcrxtCQ="
        }
      }
    },
    "iconv-lite": {
      "version": "0.4.24",
      "resolved": "https://artifactory.gz.cvte.cn/artifactory/api/npm/cvte-npm-registry/iconv-lite/iconv-lite-0.4.24.tgz",
      "integrity": "sha1-ICK0sl+93CHS9SSXSkdKr+czkIs=",
      "requires": {
        "safer-buffer": ">= 2.1.2 < 3"
      }
    },
    "inflation": {
      "version": "2.0.0",
      "resolved": "https://artifactory.gz.cvte.cn/artifactory/api/npm/cvte-npm-registry/inflation/inflation-2.0.0.tgz",
      "integrity": "sha1-i0F+R8KPklpFEz2RTKH9OJEH8w8="
    },
    "inherits": {
      "version": "2.0.4",
      "resolved": "https://artifactory.gz.cvte.cn/artifactory/api/npm/cvte-npm-registry/inherits/inherits-2.0.4.tgz",
      "integrity": "sha1-D6LGT5MpF8NDOg3tVTY6rjdBa3w="
    },
    "is-docker": {
      "version": "2.2.1",
      "resolved": "https://artifactory.gz.cvte.cn/artifactory/api/npm/cvte-npm-registry/is-docker/-/is-docker-2.2.1.tgz",
      "integrity": "sha1-M+6r4jz+hvFL3kQIoCwM+4U6zao="
    },
    "is-generator-function": {
      "version": "1.0.9",
      "resolved": "https://artifactory.gz.cvte.cn/artifactory/api/npm/cvte-npm-registry/is-generator-function/-/is-generator-function-1.0.9.tgz",
      "integrity": "sha1-5fgsIyNnPn/K09EoWMg8QDn2OZw="
    },
    "is-stream": {
      "version": "1.1.0",
      "resolved": "https://artifactory.gz.cvte.cn/artifactory/api/npm/cvte-npm-registry/is-stream/is-stream-1.1.0.tgz",
      "integrity": "sha1-EtSj3U5o4Lec6428hBc66A2RykQ="
    },
    "is-wsl": {
      "version": "2.2.0",
      "resolved": "https://artifactory.gz.cvte.cn/artifactory/api/npm/cvte-npm-registry/is-wsl/-/is-wsl-2.2.0.tgz",
      "integrity": "sha1-dKTHbnfKn9P5MvKQwX6jJs0VcnE=",
      "requires": {
        "is-docker": "^2.0.0"
      }
    },
    "isarray": {
      "version": "0.0.1",
      "resolved": "https://artifactory.gz.cvte.cn/artifactory/api/npm/cvte-npm-registry/isarray/isarray-0.0.1.tgz",
      "integrity": "sha1-ihis/Kmo9Bd+Cav8YDiTmwXR7t8="
    },
    "isexe": {
      "version": "2.0.0",
      "resolved": "https://artifactory.gz.cvte.cn/artifactory/api/npm/cvte-npm-registry/isexe/isexe-2.0.0.tgz",
      "integrity": "sha1-6PvzdNxVb/iUehDcsFctYz8s+hA="
    },
    "keygrip": {
      "version": "1.1.0",
      "resolved": "https://artifactory.gz.cvte.cn/artifactory/api/npm/cvte-npm-registry/keygrip/keygrip-1.1.0.tgz",
      "integrity": "sha1-hxsWgdXhWcYqRFsMdLYV4JF+ciY=",
      "requires": {
        "tsscmp": "1.0.6"
      }
    },
    "koa": {
      "version": "2.13.1",
      "resolved": "https://artifactory.gz.cvte.cn/artifactory/api/npm/cvte-npm-registry/koa/-/koa-2.13.1.tgz",
      "integrity": "sha1-YnUXKHWye8/h1FQ1altrn1qbEFE=",
      "requires": {
        "accepts": "^1.3.5",
        "cache-content-type": "^1.0.0",
        "content-disposition": "~0.5.2",
        "content-type": "^1.0.4",
        "cookies": "~0.8.0",
        "debug": "~3.1.0",
        "delegates": "^1.0.0",
        "depd": "^2.0.0",
        "destroy": "^1.0.4",
        "encodeurl": "^1.0.2",
        "escape-html": "^1.0.3",
        "fresh": "~0.5.2",
        "http-assert": "^1.3.0",
        "http-errors": "^1.6.3",
        "is-generator-function": "^1.0.7",
        "koa-compose": "^4.1.0",
        "koa-convert": "^1.2.0",
        "on-finished": "^2.3.0",
        "only": "~0.0.2",
        "parseurl": "^1.3.2",
        "statuses": "^1.5.0",
        "type-is": "^1.6.16",
        "vary": "^1.1.2"
      }
    },
    "koa-bodyparser": {
      "version": "4.3.0",
      "resolved": "https://artifactory.gz.cvte.cn/artifactory/api/npm/cvte-npm-registry/koa-bodyparser/-/koa-bodyparser-4.3.0.tgz",
      "integrity": "sha1-J0x3hVX/SPoiHufzap+9us4idZo=",
      "requires": {
        "co-body": "^6.0.0",
        "copy-to": "^2.0.1"
      }
    },
    "koa-compose": {
      "version": "4.1.0",
      "resolved": "https://artifactory.gz.cvte.cn/artifactory/api/npm/cvte-npm-registry/koa-compose/koa-compose-4.1.0.tgz",
      "integrity": "sha1-UHMGuTcZAdtBEhyBLpI9DWfT6Hc="
    },
    "koa-convert": {
      "version": "1.2.0",
      "resolved": "https://artifactory.gz.cvte.cn/artifactory/api/npm/cvte-npm-registry/koa-convert/koa-convert-1.2.0.tgz",
      "integrity": "sha1-2kCHXfSd4FOQmNFwC1CCDOvNIdA=",
      "requires": {
        "co": "^4.6.0",
        "koa-compose": "^3.0.0"
      },
      "dependencies": {
        "koa-compose": {
          "version": "3.2.1",
          "resolved": "https://artifactory.gz.cvte.cn/artifactory/api/npm/cvte-npm-registry/koa-compose/koa-compose-3.2.1.tgz",
          "integrity": "sha1-qFzLQLfZhtjlo0Wzoazo6rz1Tec=",
          "requires": {
            "any-promise": "^1.1.0"
          }
        }
      }
    },
    "koa-onerror": {
      "version": "4.1.0",
      "resolved": "https://artifactory.gz.cvte.cn/artifactory/api/npm/cvte-npm-registry/koa-onerror/-/koa-onerror-4.1.0.tgz",
      "integrity": "sha1-eUnHZRlB5nsRgTvx+tA8LTRHCxw=",
      "requires": {
        "escape-html": "^1.0.3",
        "stream-wormhole": "^1.1.0"
      }
    },
    "koa-router": {
      "version": "7.4.0",
      "resolved": "https://artifactory.gz.cvte.cn/artifactory/api/npm/cvte-npm-registry/koa-router/koa-router-7.4.0.tgz",
      "integrity": "sha1-ruH3rcAtXLMdfWdGXJ6syCXoxeA=",
      "requires": {
        "debug": "^3.1.0",
        "http-errors": "^1.3.1",
        "koa-compose": "^3.0.0",
        "methods": "^1.0.1",
        "path-to-regexp": "^1.1.1",
        "urijs": "^1.19.0"
      },
      "dependencies": {
        "koa-compose": {
          "version": "3.2.1",
          "resolved": "https://artifactory.gz.cvte.cn/artifactory/api/npm/cvte-npm-registry/koa-compose/koa-compose-3.2.1.tgz",
          "integrity": "sha1-qFzLQLfZhtjlo0Wzoazo6rz1Tec=",
          "requires": {
            "any-promise": "^1.1.0"
          }
        }
      }
    },
    "koa-send": {
      "version": "5.0.1",
      "resolved": "https://artifactory.gz.cvte.cn/artifactory/api/npm/cvte-npm-registry/koa-send/-/koa-send-5.0.1.tgz",
      "integrity": "sha1-Odzuv6+zldDWC+r/ujpwtPVD/nk=",
      "requires": {
        "debug": "^4.1.1",
        "http-errors": "^1.7.3",
        "resolve-path": "^1.4.0"
      },
      "dependencies": {
        "debug": {
          "version": "4.3.2",
          "resolved": "https://artifactory.gz.cvte.cn/artifactory/api/npm/cvte-npm-registry/debug/-/debug-4.3.2.tgz",
          "integrity": "sha1-8KScGKyHeeMdSgxgKd+3aHPHQos=",
          "requires": {
            "ms": "2.1.2"
          }
        },
        "ms": {
          "version": "2.1.2",
          "resolved": "https://artifactory.gz.cvte.cn/artifactory/api/npm/cvte-npm-registry/ms/ms-2.1.2.tgz",
          "integrity": "sha1-0J0fNXtEP0kzgqjrPM0YOHKuYAk="
        }
      }
    },
    "koa-static": {
      "version": "5.0.0",
      "resolved": "https://artifactory.gz.cvte.cn/artifactory/api/npm/cvte-npm-registry/koa-static/-/koa-static-5.0.0.tgz",
      "integrity": "sha1-XpL8lrU3rVIZ9CUxnJW2R3J3aUM=",
      "requires": {
        "debug": "^3.1.0",
        "koa-send": "^5.0.0"
      }
    },
    "media-typer": {
      "version": "0.3.0",
      "resolved": "https://artifactory.gz.cvte.cn/artifactory/api/npm/cvte-npm-registry/media-typer/media-typer-0.3.0.tgz",
      "integrity": "sha1-hxDXrwqmJvj/+hzgAWhUUmMlV0g="
    },
    "methods": {
      "version": "1.1.2",
      "resolved": "https://artifactory.gz.cvte.cn/artifactory/api/npm/cvte-npm-registry/methods/methods-1.1.2.tgz",
      "integrity": "sha1-VSmk1nZUE07cxSZmVoNbD4Ua/O4="
    },
    "mime-db": {
      "version": "1.49.0",
      "resolved": "https://artifactory.gz.cvte.cn/artifactory/api/npm/cvte-npm-registry/mime-db/-/mime-db-1.49.0.tgz",
      "integrity": "sha1-89/eYMmenPO8lwHWh3ePU3ABy+0="
    },
    "mime-types": {
      "version": "2.1.32",
      "resolved": "https://artifactory.gz.cvte.cn/artifactory/api/npm/cvte-npm-registry/mime-types/-/mime-types-2.1.32.tgz",
      "integrity": "sha1-HQDonn3n/gIAjbYQAdngKFJnD9U=",
      "requires": {
        "mime-db": "1.49.0"
      }
    },
    "ms": {
      "version": "2.0.0",
      "resolved": "https://artifactory.gz.cvte.cn/artifactory/api/npm/cvte-npm-registry/ms/ms-2.0.0.tgz",
      "integrity": "sha1-VgiurfwAvmwpAd9fmGF4jeDVl8g="
    },
    "negotiator": {
      "version": "0.6.2",
      "resolved": "https://artifactory.gz.cvte.cn/artifactory/api/npm/cvte-npm-registry/negotiator/negotiator-0.6.2.tgz",
      "integrity": "sha1-/qz3zPUlp3rpY0Q2pkiD/+yjRvs="
    },
    "nice-try": {
      "version": "1.0.5",
      "resolved": "https://artifactory.gz.cvte.cn/artifactory/api/npm/cvte-npm-registry/nice-try/nice-try-1.0.5.tgz",
      "integrity": "sha1-ozeKdpbOfSI+iPybdkvX7xCJ42Y="
    },
    "npm-run-path": {
      "version": "2.0.2",
      "resolved": "https://artifactory.gz.cvte.cn/artifactory/api/npm/cvte-npm-registry/npm-run-path/npm-run-path-2.0.2.tgz",
      "integrity": "sha1-NakjLfo11wZ7TLLd8jV7GHFTbF8=",
      "requires": {
        "path-key": "^2.0.0"
      }
    },
    "object-inspect": {
      "version": "1.11.0",
      "resolved": "https://artifactory.gz.cvte.cn/artifactory/api/npm/cvte-npm-registry/object-inspect/-/object-inspect-1.11.0.tgz",
      "integrity": "sha1-nc6xRs7dQUig2eUauI00z1CZIrE="
    },
    "on-finished": {
      "version": "2.3.0",
      "resolved": "https://artifactory.gz.cvte.cn/artifactory/api/npm/cvte-npm-registry/on-finished/on-finished-2.3.0.tgz",
      "integrity": "sha1-IPEzZIGwg811M3mSoWlxqi2QaUc=",
      "requires": {
        "ee-first": "1.1.1"
      }
    },
    "once": {
      "version": "1.4.0",
      "resolved": "https://artifactory.gz.cvte.cn/artifactory/api/npm/cvte-npm-registry/once/once-1.4.0.tgz",
      "integrity": "sha1-WDsap3WWHUsROsF9nFC6753Xa9E=",
      "requires": {
        "wrappy": "1"
      }
    },
    "only": {
      "version": "0.0.2",
      "resolved": "https://artifactory.gz.cvte.cn/artifactory/api/npm/cvte-npm-registry/only/only-0.0.2.tgz",
      "integrity": "sha1-Kv3oTQPlC5qO3EROMGEKcCle37Q="
    },
    "p-finally": {
      "version": "1.0.0",
      "resolved": "https://artifactory.gz.cvte.cn/artifactory/api/npm/cvte-npm-registry/p-finally/p-finally-1.0.0.tgz",
      "integrity": "sha1-P7z7FbiZpEEjs0ttzBi3JDNqLK4="
    },
    "parseurl": {
      "version": "1.3.3",
      "resolved": "https://artifactory.gz.cvte.cn/artifactory/api/npm/cvte-npm-registry/parseurl/parseurl-1.3.3.tgz",
      "integrity": "sha1-naGee+6NEt/wUT7Vt2lXeTvC6NQ="
    },
    "path-is-absolute": {
      "version": "1.0.1",
      "resolved": "https://artifactory.gz.cvte.cn/artifactory/api/npm/cvte-npm-registry/path-is-absolute/path-is-absolute-1.0.1.tgz",
      "integrity": "sha1-F0uSaHNVNP+8es5r9TpanhtcX18="
    },
    "path-key": {
      "version": "2.0.1",
      "resolved": "https://artifactory.gz.cvte.cn/artifactory/api/npm/cvte-npm-registry/path-key/path-key-2.0.1.tgz",
      "integrity": "sha1-QRyttXTFoUDTpLGRDUDYDMn0C0A="
    },
    "path-to-regexp": {
      "version": "1.8.0",
      "resolved": "https://artifactory.gz.cvte.cn/artifactory/api/npm/cvte-npm-registry/path-to-regexp/-/path-to-regexp-1.8.0.tgz",
      "integrity": "sha1-iHs7qdhDk+h6CgufTLdWGYtTVIo=",
      "requires": {
        "isarray": "0.0.1"
      }
    },
    "pump": {
      "version": "3.0.0",
      "resolved": "https://artifactory.gz.cvte.cn/artifactory/api/npm/cvte-npm-registry/pump/pump-3.0.0.tgz",
      "integrity": "sha1-tKIRaBW94vTh6mAjVOjHVWUQemQ=",
      "requires": {
        "end-of-stream": "^1.1.0",
        "once": "^1.3.1"
      }
    },
    "qs": {
      "version": "6.10.1",
      "resolved": "https://artifactory.gz.cvte.cn/artifactory/api/npm/cvte-npm-registry/qs/-/qs-6.10.1.tgz",
      "integrity": "sha1-STFIL6jWR6Wqt5nFJx0hM7mB+2o=",
      "requires": {
        "side-channel": "^1.0.4"
      }
    },
    "raw-body": {
      "version": "2.4.1",
      "resolved": "https://artifactory.gz.cvte.cn/artifactory/api/npm/cvte-npm-registry/raw-body/raw-body-2.4.1.tgz",
      "integrity": "sha1-MKyC+Yu1rowVLmcUnayNVRU7Fow=",
      "requires": {
        "bytes": "3.1.0",
        "http-errors": "1.7.3",
        "iconv-lite": "0.4.24",
        "unpipe": "1.0.0"
      },
      "dependencies": {
        "depd": {
          "version": "1.1.2",
          "resolved": "https://artifactory.gz.cvte.cn/artifactory/api/npm/cvte-npm-registry/depd/depd-1.1.2.tgz",
          "integrity": "sha1-m81S4UwJd2PnSbJ0xDRu0uVgtak="
        },
        "http-errors": {
          "version": "1.7.3",
          "resolved": "https://artifactory.gz.cvte.cn/artifactory/api/npm/cvte-npm-registry/http-errors/http-errors-1.7.3.tgz",
          "integrity": "sha1-bGGeT5xgMIw4UZSYwU+7EKrOuwY=",
          "requires": {
            "depd": "~1.1.2",
            "inherits": "2.0.4",
            "setprototypeof": "1.1.1",
            "statuses": ">= 1.5.0 < 2",
            "toidentifier": "1.0.0"
          }
        }
      }
    },
    "remove-file-safe": {
      "version": "1.0.1",
      "resolved": "https://artifactory.gz.cvte.cn/artifactory/api/npm/cvte-npm-registry/remove-file-safe/-/remove-file-safe-1.0.1.tgz",
      "integrity": "sha1-VQweycWfwRXrUd4JegBS7xSwcGE="
    },
    "resolve-path": {
      "version": "1.4.0",
      "resolved": "https://artifactory.gz.cvte.cn/artifactory/api/npm/cvte-npm-registry/resolve-path/resolve-path-1.4.0.tgz",
      "integrity": "sha1-xL2p9e+y/OZSR4c6s2u02DT+Fvc=",
      "requires": {
        "http-errors": "~1.6.2",
        "path-is-absolute": "1.0.1"
      },
      "dependencies": {
        "depd": {
          "version": "1.1.2",
          "resolved": "https://artifactory.gz.cvte.cn/artifactory/api/npm/cvte-npm-registry/depd/depd-1.1.2.tgz",
          "integrity": "sha1-m81S4UwJd2PnSbJ0xDRu0uVgtak="
        },
        "http-errors": {
          "version": "1.6.3",
          "resolved": "https://artifactory.gz.cvte.cn/artifactory/api/npm/cvte-npm-registry/http-errors/http-errors-1.6.3.tgz",
          "integrity": "sha1-i1VoC7S+KDoLW/TqLjhYC+HZMg0=",
          "requires": {
            "depd": "~1.1.2",
            "inherits": "2.0.3",
            "setprototypeof": "1.1.0",
            "statuses": ">= 1.4.0 < 2"
          }
        },
        "inherits": {
          "version": "2.0.3",
          "resolved": "https://artifactory.gz.cvte.cn/artifactory/api/npm/cvte-npm-registry/inherits/inherits-2.0.3.tgz",
          "integrity": "sha1-Yzwsg+PaQqUC9SRmAiSA9CCCYd4="
        },
        "setprototypeof": {
          "version": "1.1.0",
          "resolved": "https://artifactory.gz.cvte.cn/artifactory/api/npm/cvte-npm-registry/setprototypeof/setprototypeof-1.1.0.tgz",
          "integrity": "sha1-0L2FU2iHtv58DYGMuWLZ2RxU5lY="
        }
      }
    },
    "safe-buffer": {
      "version": "5.1.2",
      "resolved": "https://artifactory.gz.cvte.cn/artifactory/api/npm/cvte-npm-registry/safe-buffer/safe-buffer-5.1.2.tgz",
      "integrity": "sha1-mR7GnSluAxN0fVm9/St0XDX4go0="
    },
    "safer-buffer": {
      "version": "2.1.2",
      "resolved": "https://artifactory.gz.cvte.cn/artifactory/api/npm/cvte-npm-registry/safer-buffer/safer-buffer-2.1.2.tgz",
      "integrity": "sha1-RPoWGwGHuVSd2Eu5GAL5vYOFzWo="
    },
    "semver": {
      "version": "5.7.1",
      "resolved": "https://artifactory.gz.cvte.cn/artifactory/api/npm/cvte-npm-registry/semver/semver-5.7.1.tgz",
      "integrity": "sha1-qVT5Ma66UI0we78Gnv8MAclhFvc="
    },
    "setprototypeof": {
      "version": "1.1.1",
      "resolved": "https://artifactory.gz.cvte.cn/artifactory/api/npm/cvte-npm-registry/setprototypeof/setprototypeof-1.1.1.tgz",
      "integrity": "sha1-fpWsskqpL1iF4KvvW6ExMw1K5oM="
    },
    "shebang-command": {
      "version": "1.2.0",
      "resolved": "https://artifactory.gz.cvte.cn/artifactory/api/npm/cvte-npm-registry/shebang-command/shebang-command-1.2.0.tgz",
      "integrity": "sha1-RKrGW2lbAzmJaMOfNj/uXer98eo=",
      "requires": {
        "shebang-regex": "^1.0.0"
      }
    },
    "shebang-regex": {
      "version": "1.0.0",
      "resolved": "https://artifactory.gz.cvte.cn/artifactory/api/npm/cvte-npm-registry/shebang-regex/shebang-regex-1.0.0.tgz",
      "integrity": "sha1-2kL0l0DAtC2yypcoVxyxkMmO/qM="
    },
    "side-channel": {
      "version": "1.0.4",
      "resolved": "https://artifactory.gz.cvte.cn/artifactory/api/npm/cvte-npm-registry/side-channel/-/side-channel-1.0.4.tgz",
      "integrity": "sha1-785cj9wQTudRslxY1CkAEfpeos8=",
      "requires": {
        "call-bind": "^1.0.0",
        "get-intrinsic": "^1.0.2",
        "object-inspect": "^1.9.0"
      }
    },
    "signal-exit": {
      "version": "3.0.3",
      "resolved": "https://artifactory.gz.cvte.cn/artifactory/api/npm/cvte-npm-registry/signal-exit/signal-exit-3.0.3.tgz",
      "integrity": "sha1-oUEMLt2PB3sItOJTyOrPyvBXRhw="
    },
    "statuses": {
      "version": "1.5.0",
      "resolved": "https://artifactory.gz.cvte.cn/artifactory/api/npm/cvte-npm-registry/statuses/statuses-1.5.0.tgz",
      "integrity": "sha1-Fhx9rBd2Wf2YEfQ3cfqZOBR4Yow="
    },
    "stream-wormhole": {
      "version": "1.1.0",
      "resolved": "https://artifactory.gz.cvte.cn/artifactory/api/npm/cvte-npm-registry/stream-wormhole/-/stream-wormhole-1.1.0.tgz",
      "integrity": "sha1-MAr/Rs7VU8/sZCoFJRiFQXaTwz0="
    },
    "stringify-json-object": {
      "version": "1.0.7",
      "resolved": "https://artifactory.gz.cvte.cn/artifactory/api/npm/cvte-npm-registry/stringify-json-object/-/stringify-json-object-1.0.7.tgz",
      "integrity": "sha1-fFWSwMhaokfRBMOif15wxnziLKY=",
      "requires": {
        "types-json": "^1.2.2"
      }
    },
    "strip-eof": {
      "version": "1.0.0",
      "resolved": "https://artifactory.gz.cvte.cn/artifactory/api/npm/cvte-npm-registry/strip-eof/strip-eof-1.0.0.tgz",
      "integrity": "sha1-u0P/VZim6wXYm1n80SnJgzE2Br8="
    },
    "terminating-newline": {
      "version": "1.2.4",
      "resolved": "https://artifactory.gz.cvte.cn/artifactory/api/npm/cvte-npm-registry/terminating-newline/-/terminating-newline-1.2.4.tgz",
      "integrity": "sha1-ncAIdGSLpscwC2xQgB+27KYT6tE=",
      "requires": {
        "detect-newline": "^3.1.0",
        "ends-with-string": "^1.0.0"
      }
    },
    "toidentifier": {
      "version": "1.0.0",
      "resolved": "https://artifactory.gz.cvte.cn/artifactory/api/npm/cvte-npm-registry/toidentifier/toidentifier-1.0.0.tgz",
      "integrity": "sha1-fhvjRw8ed5SLxD2Uo8j013UrpVM="
    },
    "tsscmp": {
      "version": "1.0.6",
      "resolved": "https://artifactory.gz.cvte.cn/artifactory/api/npm/cvte-npm-registry/tsscmp/tsscmp-1.0.6.tgz",
      "integrity": "sha1-hbmVg6w1iexL/vgltQAKqRHWBes="
    },
    "type-is": {
      "version": "1.6.18",
      "resolved": "https://artifactory.gz.cvte.cn/artifactory/api/npm/cvte-npm-registry/type-is/type-is-1.6.18.tgz",
      "integrity": "sha1-TlUs0F3wlGfcvE73Od6J8s83wTE=",
      "requires": {
        "media-typer": "0.3.0",
        "mime-types": "~2.1.24"
      }
    },
    "types-json": {
      "version": "1.2.2",
      "resolved": "https://artifactory.gz.cvte.cn/artifactory/api/npm/cvte-npm-registry/types-json/-/types-json-1.2.2.tgz",
      "integrity": "sha1-kevm3lnnQas4qYsHFwiilJTO3+Y="
    },
    "unpipe": {
      "version": "1.0.0",
      "resolved": "https://artifactory.gz.cvte.cn/artifactory/api/npm/cvte-npm-registry/unpipe/unpipe-1.0.0.tgz",
      "integrity": "sha1-sr9O6FFKrmFltIF4KdIbLvSZBOw="
    },
    "urijs": {
      "version": "1.19.7",
      "resolved": "https://artifactory.gz.cvte.cn/artifactory/api/npm/cvte-npm-registry/urijs/-/urijs-1.19.7.tgz",
      "integrity": "sha1-T1lOWRE5KP6mPADOaI+zlbEWirk="
    },
    "vary": {
      "version": "1.1.2",
      "resolved": "https://artifactory.gz.cvte.cn/artifactory/api/npm/cvte-npm-registry/vary/vary-1.1.2.tgz",
      "integrity": "sha1-IpnwLG3tMNSllhsLn3RSShj2NPw="
    },
    "which": {
      "version": "1.3.1",
      "resolved": "https://artifactory.gz.cvte.cn/artifactory/api/npm/cvte-npm-registry/which/which-1.3.1.tgz",
      "integrity": "sha1-pFBD1U9YBTFtqNYvn1CRjT2nCwo=",
      "requires": {
        "isexe": "^2.0.0"
      }
    },
    "wrappy": {
      "version": "1.0.2",
      "resolved": "https://artifactory.gz.cvte.cn/artifactory/api/npm/cvte-npm-registry/wrappy/wrappy-1.0.2.tgz",
      "integrity": "sha1-tSQ9jz7BqjXxNkYFvA0QNuMKtp8="
    },
    "write-dir-safe": {
      "version": "1.0.1",
      "resolved": "https://artifactory.gz.cvte.cn/artifactory/api/npm/cvte-npm-registry/write-dir-safe/-/write-dir-safe-1.0.1.tgz",
      "integrity": "sha1-21aVp28z96GyjtSNNwurCZ00mAo="
    },
    "write-file-safe": {
      "version": "1.3.1",
      "resolved": "https://artifactory.gz.cvte.cn/artifactory/api/npm/cvte-npm-registry/write-file-safe/-/write-file-safe-1.3.1.tgz",
      "integrity": "sha1-WhxkHqek36P2BGcb6uiClSEBXus=",
      "requires": {
        "file-exists-safe": "^1.1.0",
        "remove-file-safe": "^1.0.1",
        "terminating-newline": "^1.2.4",
        "write-dir-safe": "^1.0.1"
      }
    },
    "write-json-safe": {
      "version": "2.1.0",
      "resolved": "https://artifactory.gz.cvte.cn/artifactory/api/npm/cvte-npm-registry/write-json-safe/-/write-json-safe-2.1.0.tgz",
      "integrity": "sha1-t58n8w48QIpdfRsJwyN9a0oGB9A=",
      "requires": {
        "stringify-json-object": "^1.0.7",
        "write-file-safe": "^1.3.1"
      }
    },
    "ylru": {
      "version": "1.2.1",
      "resolved": "https://artifactory.gz.cvte.cn/artifactory/api/npm/cvte-npm-registry/ylru/ylru-1.2.1.tgz",
      "integrity": "sha1-9Xa2M0FUeYnB3nuiiHYJI7J/6E8="
    },
    "zlib": {
      "version": "1.0.5",
      "resolved": "https://artifactory.gz.cvte.cn/artifactory/api/npm/cvte-npm-registry/zlib/-/zlib-1.0.5.tgz",
      "integrity": "sha1-bnyXL8NxxkWmr7A6sUdp3vEU/MA="
    }
  }
}
